// !$*UTF8*$!
{
	archiveVersion = 1;
	classes = {
	};
	objectVersion = 46;
	objects = {

/* Begin PBXBuildFile section */
		71188FB11EE013C4000BBF10 /* main.m in Sources */ = {isa = PBXBuildFile; fileRef = 71188FB01EE013C4000BBF10 /* main.m */; };
		71188FB41EE013C4000BBF10 /* AppDelegate.m in Sources */ = {isa = PBXBuildFile; fileRef = 71188FB31EE013C4000BBF10 /* AppDelegate.m */; };
		71188FB71EE013C4000BBF10 /* ViewController.m in Sources */ = {isa = PBXBuildFile; fileRef = 71188FB61EE013C4000BBF10 /* ViewController.m */; };
		71188FBA1EE013C4000BBF10 /* Main.storyboard in Resources */ = {isa = PBXBuildFile; fileRef = 71188FB81EE013C4000BBF10 /* Main.storyboard */; };
		71188FBD1EE013C4000BBF10 /* YellowHuman.xcdatamodeld in Sources */ = {isa = PBXBuildFile; fileRef = 71188FBB1EE013C4000BBF10 /* YellowHuman.xcdatamodeld */; };
		71188FBF1EE013C4000BBF10 /* Assets.xcassets in Resources */ = {isa = PBXBuildFile; fileRef = 71188FBE1EE013C4000BBF10 /* Assets.xcassets */; };
		71188FC21EE013C4000BBF10 /* LaunchScreen.storyboard in Resources */ = {isa = PBXBuildFile; fileRef = 71188FC01EE013C4000BBF10 /* LaunchScreen.storyboard */; };
		71188FCD1EE013C4000BBF10 /* YellowHumanTests.m in Sources */ = {isa = PBXBuildFile; fileRef = 71188FCC1EE013C4000BBF10 /* YellowHumanTests.m */; };
		71188FD81EE013C4000BBF10 /* YellowHumanUITests.m in Sources */ = {isa = PBXBuildFile; fileRef = 71188FD71EE013C4000BBF10 /* YellowHumanUITests.m */; };
		71188FE71EE0143E000BBF10 /* HumanView.m in Sources */ = {isa = PBXBuildFile; fileRef = 71188FE61EE0143E000BBF10 /* HumanView.m */; };
/* End PBXBuildFile section */

/* Begin PBXContainerItemProxy section */
		71188FC91EE013C4000BBF10 /* PBXContainerItemProxy */ = {
			isa = PBXContainerItemProxy;
			containerPortal = 71188FA41EE013C4000BBF10 /* Project object */;
			proxyType = 1;
			remoteGlobalIDString = 71188FAB1EE013C4000BBF10;
			remoteInfo = YellowHuman;
		};
		71188FD41EE013C4000BBF10 /* PBXContainerItemProxy */ = {
			isa = PBXContainerItemProxy;
			containerPortal = 71188FA41EE013C4000BBF10 /* Project object */;
			proxyType = 1;
			remoteGlobalIDString = 71188FAB1EE013C4000BBF10;
			remoteInfo = YellowHuman;
		};
/* End PBXContainerItemProxy section */

/* Begin PBXFileReference section */
		71188FAC1EE013C4000BBF10 /* YellowHuman.app */ = {isa = PBXFileReference; explicitFileType = wrapper.application; includeInIndex = 0; path = YellowHuman.app; sourceTree = BUILT_PRODUCTS_DIR; };
		71188FB01EE013C4000BBF10 /* main.m */ = {isa = PBXFileReference; lastKnownFileType = sourcecode.c.objc; path = main.m; sourceTree = "<group>"; };
		71188FB21EE013C4000BBF10 /* AppDelegate.h */ = {isa = PBXFileReference; lastKnownFileType = sourcecode.c.h; path = AppDelegate.h; sourceTree = "<group>"; };
		71188FB31EE013C4000BBF10 /* AppDelegate.m */ = {isa = PBXFileReference; lastKnownFileType = sourcecode.c.objc; path = AppDelegate.m; sourceTree = "<group>"; };
		71188FB51EE013C4000BBF10 /* ViewController.h */ = {isa = PBXFileReference; lastKnownFileType = sourcecode.c.h; path = ViewController.h; sourceTree = "<group>"; };
		71188FB61EE013C4000BBF10 /* ViewController.m */ = {isa = PBXFileReference; lastKnownFileType = sourcecode.c.objc; path = ViewController.m; sourceTree = "<group>"; };
		71188FB91EE013C4000BBF10 /* Base */ = {isa = PBXFileReference; lastKnownFileType = file.storyboard; name = Base; path = Base.lproj/Main.storyboard; sourceTree = "<group>"; };
		71188FBC1EE013C4000BBF10 /* YellowHuman.xcdatamodel */ = {isa = PBXFileReference; lastKnownFileType = wrapper.xcdatamodel; path = YellowHuman.xcdatamodel; sourceTree = "<group>"; };
		71188FBE1EE013C4000BBF10 /* Assets.xcassets */ = {isa = PBXFileReference; lastKnownFileType = folder.assetcatalog; path = Assets.xcassets; sourceTree = "<group>"; };
		71188FC11EE013C4000BBF10 /* Base */ = {isa = PBXFileReference; lastKnownFileType = file.storyboard; name = Base; path = Base.lproj/LaunchScreen.storyboard; sourceTree = "<group>"; };
		71188FC31EE013C4000BBF10 /* Info.plist */ = {isa = PBXFileReference; lastKnownFileType = text.plist.xml; path = Info.plist; sourceTree = "<group>"; };
		71188FC81EE013C4000BBF10 /* YellowHumanTests.xctest */ = {isa = PBXFileReference; explicitFileType = wrapper.cfbundle; includeInIndex = 0; path = YellowHumanTests.xctest; sourceTree = BUILT_PRODUCTS_DIR; };
		71188FCC1EE013C4000BBF10 /* YellowHumanTests.m */ = {isa = PBXFileReference; lastKnownFileType = sourcecode.c.objc; path = YellowHumanTests.m; sourceTree = "<group>"; };
		71188FCE1EE013C4000BBF10 /* Info.plist */ = {isa = PBXFileReference; lastKnownFileType = text.plist.xml; path = Info.plist; sourceTree = "<group>"; };
		71188FD31EE013C4000BBF10 /* YellowHumanUITests.xctest */ = {isa = PBXFileReference; explicitFileType = wrapper.cfbundle; includeInIndex = 0; path = YellowHumanUITests.xctest; sourceTree = BUILT_PRODUCTS_DIR; };
		71188FD71EE013C4000BBF10 /* YellowHumanUITests.m */ = {isa = PBXFileReference; lastKnownFileType = sourcecode.c.objc; path = YellowHumanUITests.m; sourceTree = "<group>"; };
		71188FD91EE013C4000BBF10 /* Info.plist */ = {isa = PBXFileReference; lastKnownFileType = text.plist.xml; path = Info.plist; sourceTree = "<group>"; };
		71188FE51EE0143E000BBF10 /* HumanView.h */ = {isa = PBXFileReference; fileEncoding = 4; lastKnownFileType = sourcecode.c.h; path = HumanView.h; sourceTree = "<group>"; };
		71188FE61EE0143E000BBF10 /* HumanView.m */ = {isa = PBXFileReference; fileEncoding = 4; lastKnownFileType = sourcecode.c.objc; path = HumanView.m; sourceTree = "<group>"; };
/* End PBXFileReference section */

/* Begin PBXFrameworksBuildPhase section */
		71188FA91EE013C4000BBF10 /* Frameworks */ = {
			isa = PBXFrameworksBuildPhase;
			buildActionMask = 2147483647;
			files = (
			);
			runOnlyForDeploymentPostprocessing = 0;
		};
		71188FC51EE013C4000BBF10 /* Frameworks */ = {
			isa = PBXFrameworksBuildPhase;
			buildActionMask = 2147483647;
			files = (
			);
			runOnlyForDeploymentPostprocessing = 0;
		};
		71188FD01EE013C4000BBF10 /* Frameworks */ = {
			isa = PBXFrameworksBuildPhase;
			buildActionMask = 2147483647;
			files = (
			);
			runOnlyForDeploymentPostprocessing = 0;
		};
/* End PBXFrameworksBuildPhase section */

/* Begin PBXGroup section */
		71188FA31EE013C4000BBF10 = {
			isa = PBXGroup;
			children = (
				71188FAE1EE013C4000BBF10 /* YellowHuman */,
				71188FCB1EE013C4000BBF10 /* YellowHumanTests */,
				71188FD61EE013C4000BBF10 /* YellowHumanUITests */,
				71188FAD1EE013C4000BBF10 /* Products */,
			);
			sourceTree = "<group>";
		};
		71188FAD1EE013C4000BBF10 /* Products */ = {
			isa = PBXGroup;
			children = (
				71188FAC1EE013C4000BBF10 /* YellowHuman.app */,
				71188FC81EE013C4000BBF10 /* YellowHumanTests.xctest */,
				71188FD31EE013C4000BBF10 /* YellowHumanUITests.xctest */,
			);
			name = Products;
			sourceTree = "<group>";
		};
		71188FAE1EE013C4000BBF10 /* YellowHuman */ = {
			isa = PBXGroup;
			children = (
				71188FB21EE013C4000BBF10 /* AppDelegate.h */,
				71188FB31EE013C4000BBF10 /* AppDelegate.m */,
				71188FB51EE013C4000BBF10 /* ViewController.h */,
				71188FB61EE013C4000BBF10 /* ViewController.m */,
				71188FE51EE0143E000BBF10 /* HumanView.h */,
				71188FE61EE0143E000BBF10 /* HumanView.m */,
				71188FB81EE013C4000BBF10 /* Main.storyboard */,
				71188FBE1EE013C4000BBF10 /* Assets.xcassets */,
				71188FC01EE013C4000BBF10 /* LaunchScreen.storyboard */,
				71188FC31EE013C4000BBF10 /* Info.plist */,
				71188FBB1EE013C4000BBF10 /* YellowHuman.xcdatamodeld */,
				71188FAF1EE013C4000BBF10 /* Supporting Files */,
			);
			path = YellowHuman;
			sourceTree = "<group>";
		};
		71188FAF1EE013C4000BBF10 /* Supporting Files */ = {
			isa = PBXGroup;
			children = (
				71188FB01EE013C4000BBF10 /* main.m */,
			);
			name = "Supporting Files";
			sourceTree = "<group>";
		};
		71188FCB1EE013C4000BBF10 /* YellowHumanTests */ = {
			isa = PBXGroup;
			children = (
				71188FCC1EE013C4000BBF10 /* YellowHumanTests.m */,
				71188FCE1EE013C4000BBF10 /* Info.plist */,
			);
			path = YellowHumanTests;
			sourceTree = "<group>";
		};
		71188FD61EE013C4000BBF10 /* YellowHumanUITests */ = {
			isa = PBXGroup;
			children = (
				71188FD71EE013C4000BBF10 /* YellowHumanUITests.m */,
				71188FD91EE013C4000BBF10 /* Info.plist */,
			);
			path = YellowHumanUITests;
			sourceTree = "<group>";
		};
/* End PBXGroup section */

/* Begin PBXNativeTarget section */
		71188FAB1EE013C4000BBF10 /* YellowHuman */ = {
			isa = PBXNativeTarget;
			buildConfigurationList = 71188FDC1EE013C4000BBF10 /* Build configuration list for PBXNativeTarget "YellowHuman" */;
			buildPhases = (
				71188FA81EE013C4000BBF10 /* Sources */,
				71188FA91EE013C4000BBF10 /* Frameworks */,
				71188FAA1EE013C4000BBF10 /* Resources */,
			);
			buildRules = (
			);
			dependencies = (
			);
			name = YellowHuman;
			productName = YellowHuman;
			productReference = 71188FAC1EE013C4000BBF10 /* YellowHuman.app */;
			productType = "com.apple.product-type.application";
		};
		71188FC71EE013C4000BBF10 /* YellowHumanTests */ = {
			isa = PBXNativeTarget;
			buildConfigurationList = 71188FDF1EE013C4000BBF10 /* Build configuration list for PBXNativeTarget "YellowHumanTests" */;
			buildPhases = (
				71188FC41EE013C4000BBF10 /* Sources */,
				71188FC51EE013C4000BBF10 /* Frameworks */,
				71188FC61EE013C4000BBF10 /* Resources */,
			);
			buildRules = (
			);
			dependencies = (
				71188FCA1EE013C4000BBF10 /* PBXTargetDependency */,
			);
			name = YellowHumanTests;
			productName = YellowHumanTests;
			productReference = 71188FC81EE013C4000BBF10 /* YellowHumanTests.xctest */;
			productType = "com.apple.product-type.bundle.unit-test";
		};
		71188FD21EE013C4000BBF10 /* YellowHumanUITests */ = {
			isa = PBXNativeTarget;
			buildConfigurationList = 71188FE21EE013C4000BBF10 /* Build configuration list for PBXNativeTarget "YellowHumanUITests" */;
			buildPhases = (
				71188FCF1EE013C4000BBF10 /* Sources */,
				71188FD01EE013C4000BBF10 /* Frameworks */,
				71188FD11EE013C4000BBF10 /* Resources */,
			);
			buildRules = (
			);
			dependencies = (
				71188FD51EE013C4000BBF10 /* PBXTargetDependency */,
			);
			name = YellowHumanUITests;
			productName = YellowHumanUITests;
			productReference = 71188FD31EE013C4000BBF10 /* YellowHumanUITests.xctest */;
			productType = "com.apple.product-type.bundle.ui-testing";
		};
/* End PBXNativeTarget section */

/* Begin PBXProject section */
		71188FA41EE013C4000BBF10 /* Project object */ = {
			isa = PBXProject;
			attributes = {
				LastUpgradeCheck = 0830;
				ORGANIZATIONNAME = "浩哥哥";
				TargetAttributes = {
					71188FAB1EE013C4000BBF10 = {
						CreatedOnToolsVersion = 8.3.2;
						DevelopmentTeam = MSM2M46J42;
						ProvisioningStyle = Automatic;
					};
					71188FC71EE013C4000BBF10 = {
						CreatedOnToolsVersion = 8.3.2;
						DevelopmentTeam = MSM2M46J42;
						ProvisioningStyle = Automatic;
						TestTargetID = 71188FAB1EE013C4000BBF10;
					};
					71188FD21EE013C4000BBF10 = {
						CreatedOnToolsVersion = 8.3.2;
						DevelopmentTeam = MSM2M46J42;
						ProvisioningStyle = Automatic;
						TestTargetID = 71188FAB1EE013C4000BBF10;
					};
				};
			};
			buildConfigurationList = 71188FA71EE013C4000BBF10 /* Build configuration list for PBXProject "YellowHuman" */;
			compatibilityVersion = "Xcode 3.2";
			developmentRegion = English;
			hasScannedForEncodings = 0;
			knownRegions = (
				en,
				Base,
			);
			mainGroup = 71188FA31EE013C4000BBF10;
			productRefGroup = 71188FAD1EE013C4000BBF10 /* Products */;
			projectDirPath = "";
			projectRoot = "";
			targets = (
				71188FAB1EE013C4000BBF10 /* YellowHuman */,
				71188FC71EE013C4000BBF10 /* YellowHumanTests */,
				71188FD21EE013C4000BBF10 /* YellowHumanUITests */,
			);
		};
/* End PBXProject section */

/* Begin PBXResourcesBuildPhase section */
		71188FAA1EE013C4000BBF10 /* Resources */ = {
			isa = PBXResourcesBuildPhase;
			buildActionMask = 2147483647;
			files = (
				71188FC21EE013C4000BBF10 /* LaunchScreen.storyboard in Resources */,
				71188FBF1EE013C4000BBF10 /* Assets.xcassets in Resources */,
				71188FBA1EE013C4000BBF10 /* Main.storyboard in Resources */,
			);
			runOnlyForDeploymentPostprocessing = 0;
		};
		71188FC61EE013C4000BBF10 /* Resources */ = {
			isa = PBXResourcesBuildPhase;
			buildActionMask = 2147483647;
			files = (
			);
			runOnlyForDeploymentPostprocessing = 0;
		};
		71188FD11EE013C4000BBF10 /* Resources */ = {
			isa = PBXResourcesBuildPhase;
			buildActionMask = 2147483647;
			files = (
			);
			runOnlyForDeploymentPostprocessing = 0;
		};
/* End PBXResourcesBuildPhase section */

/* Begin PBXSourcesBuildPhase section */
		71188FA81EE013C4000BBF10 /* Sources */ = {
			isa = PBXSourcesBuildPhase;
			buildActionMask = 2147483647;
			files = (
				71188FB71EE013C4000BBF10 /* ViewController.m in Sources */,
				71188FBD1EE013C4000BBF10 /* YellowHuman.xcdatamodeld in Sources */,
				71188FB41EE013C4000BBF10 /* AppDelegate.m in Sources */,
				71188FB11EE013C4000BBF10 /* main.m in Sources */,
				71188FE71EE0143E000BBF10 /* HumanView.m in Sources */,
			);
			runOnlyForDeploymentPostprocessing = 0;
		};
		71188FC41EE013C4000BBF10 /* Sources */ = {
			isa = PBXSourcesBuildPhase;
			buildActionMask = 2147483647;
			files = (
				71188FCD1EE013C4000BBF10 /* YellowHumanTests.m in Sources */,
			);
			runOnlyForDeploymentPostprocessing = 0;
		};
		71188FCF1EE013C4000BBF10 /* Sources */ = {
			isa = PBXSourcesBuildPhase;
			buildActionMask = 2147483647;
			files = (
				71188FD81EE013C4000BBF10 /* YellowHumanUITests.m in Sources */,
			);
			runOnlyForDeploymentPostprocessing = 0;
		};
/* End PBXSourcesBuildPhase section */

/* Begin PBXTargetDependency section */
		71188FCA1EE013C4000BBF10 /* PBXTargetDependency */ = {
			isa = PBXTargetDependency;
			target = 71188FAB1EE013C4000BBF10 /* YellowHuman */;
			targetProxy = 71188FC91EE013C4000BBF10 /* PBXContainerItemProxy */;
		};
		71188FD51EE013C4000BBF10 /* PBXTargetDependency */ = {
			isa = PBXTargetDependency;
			target = 71188FAB1EE013C4000BBF10 /* YellowHuman */;
			targetProxy = 71188FD41EE013C4000BBF10 /* PBXContainerItemProxy */;
		};
/* End PBXTargetDependency section */

/* Begin PBXVariantGroup section */
		71188FB81EE013C4000BBF10 /* Main.storyboard */ = {
			isa = PBXVariantGroup;
			children = (
				71188FB91EE013C4000BBF10 /* Base */,
			);
			name = Main.storyboard;
			sourceTree = "<group>";
		};
		71188FC01EE013C4000BBF10 /* LaunchScreen.storyboard */ = {
			isa = PBXVariantGroup;
			children = (
				71188FC11EE013C4000BBF10 /* Base */,
			);
			name = LaunchScreen.storyboard;
			sourceTree = "<group>";
		};
/* End PBXVariantGroup section */

/* Begin XCBuildConfiguration section */
		71188FDA1EE013C4000BBF10 /* Debug */ = {
			isa = XCBuildConfiguration;
			buildSettings = {
				ALWAYS_SEARCH_USER_PATHS = NO;
				CLANG_ANALYZER_NONNULL = YES;
				CLANG_ANALYZER_NUMBER_OBJECT_CONVERSION = YES_AGGRESSIVE;
				CLANG_CXX_LANGUAGE_STANDARD = "gnu++0x";
				CLANG_CXX_LIBRARY = "libc++";
				CLANG_ENABLE_MODULES = YES;
				CLANG_ENABLE_OBJC_ARC = YES;
				CLANG_WARN_BOOL_CONVERSION = YES;
				CLANG_WARN_CONSTANT_CONVERSION = YES;
				CLANG_WARN_DIRECT_OBJC_ISA_USAGE = YES_ERROR;
				CLANG_WARN_DOCUMENTATION_COMMENTS = YES;
				CLANG_WARN_EMPTY_BODY = YES;
				CLANG_WARN_ENUM_CONVERSION = YES;
				CLANG_WARN_INFINITE_RECURSION = YES;
				CLANG_WARN_INT_CONVERSION = YES;
				CLANG_WARN_OBJC_ROOT_CLASS = YES_ERROR;
				CLANG_WARN_SUSPICIOUS_MOVE = YES;
				CLANG_WARN_UNREACHABLE_CODE = YES;
				CLANG_WARN__DUPLICATE_METHOD_MATCH = YES;
				"CODE_SIGN_IDENTITY[sdk=iphoneos*]" = "iPhone Developer";
				COPY_PHASE_STRIP = NO;
				DEBUG_INFORMATION_FORMAT = dwarf;
				ENABLE_STRICT_OBJC_MSGSEND = YES;
				ENABLE_TESTABILITY = YES;
				GCC_C_LANGUAGE_STANDARD = gnu99;
				GCC_DYNAMIC_NO_PIC = NO;
				GCC_NO_COMMON_BLOCKS = YES;
				GCC_OPTIMIZATION_LEVEL = 0;
				GCC_PREPROCESSOR_DEFINITIONS = (
					"DEBUG=1",
					"$(inherited)",
				);
				GCC_WARN_64_TO_32_BIT_CONVERSION = YES;
				GCC_WARN_ABOUT_RETURN_TYPE = YES_ERROR;
				GCC_WARN_UNDECLARED_SELECTOR = YES;
				GCC_WARN_UNINITIALIZED_AUTOS = YES_AGGRESSIVE;
				GCC_WARN_UNUSED_FUNCTION = YES;
				GCC_WARN_UNUSED_VARIABLE = YES;
				IPHONEOS_DEPLOYMENT_TARGET = 10.3;
				MTL_ENABLE_DEBUG_INFO = YES;
				ONLY_ACTIVE_ARCH = YES;
				SDKROOT = iphoneos;
			};
			name = Debug;
		};
		71188FDB1EE013C4000BBF10 /* Release */ = {
			isa = XCBuildConfiguration;
			buildSettings = {
				ALWAYS_SEARCH_USER_PATHS = NO;
				CLANG_ANALYZER_NONNULL = YES;
				CLANG_ANALYZER_NUMBER_OBJECT_CONVERSION = YES_AGGRESSIVE;
				CLANG_CXX_LANGUAGE_STANDARD = "gnu++0x";
				CLANG_CXX_LIBRARY = "libc++";
				CLANG_ENABLE_MODULES = YES;
				CLANG_ENABLE_OBJC_ARC = YES;
				CLANG_WARN_BOOL_CONVERSION = YES;
				CLANG_WARN_CONSTANT_CONVERSION = YES;
				CLANG_WARN_DIRECT_OBJC_ISA_USAGE = YES_ERROR;
				CLANG_WARN_DOCUMENTATION_COMMENTS = YES;
				CLANG_WARN_EMPTY_BODY = YES;
				CLANG_WARN_ENUM_CONVERSION = YES;
				CLANG_WARN_INFINITE_RECURSION = YES;
				CLANG_WARN_INT_CONVERSION = YES;
				CLANG_WARN_OBJC_ROOT_CLASS = YES_ERROR;
				CLANG_WARN_SUSPICIOUS_MOVE = YES;
				CLANG_WARN_UNREACHABLE_CODE = YES;
				CLANG_WARN__DUPLICATE_METHOD_MATCH = YES;
				"CODE_SIGN_IDENTITY[sdk=iphoneos*]" = "iPhone Developer";
				COPY_PHASE_STRIP = NO;
				DEBUG_INFORMATION_FORMAT = "dwarf-with-dsym";
				ENABLE_NS_ASSERTIONS = NO;
				ENABLE_STRICT_OBJC_MSGSEND = YES;
				GCC_C_LANGUAGE_STANDARD = gnu99;
				GCC_NO_COMMON_BLOCKS = YES;
				GCC_WARN_64_TO_32_BIT_CONVERSION = YES;
				GCC_WARN_ABOUT_RETURN_TYPE = YES_ERROR;
				GCC_WARN_UNDECLARED_SELECTOR = YES;
				GCC_WARN_UNINITIALIZED_AUTOS = YES_AGGRESSIVE;
				GCC_WARN_UNUSED_FUNCTION = YES;
				GCC_WARN_UNUSED_VARIABLE = YES;
				IPHONEOS_DEPLOYMENT_TARGET = 10.3;
				MTL_ENABLE_DEBUG_INFO = NO;
				SDKROOT = iphoneos;
				VALIDATE_PRODUCT = YES;
			};
			name = Release;
		};
		71188FDD1EE013C4000BBF10 /* Debug */ = {
			isa = XCBuildConfiguration;
			buildSettings = {
				ASSETCATALOG_COMPILER_APPICON_NAME = AppIcon;
				DEVELOPMENT_TEAM = MSM2M46J42;
				INFOPLIST_FILE = YellowHuman/Info.plist;
				LD_RUNPATH_SEARCH_PATHS = "$(inherited) @executable_path/Frameworks";
				PRODUCT_BUNDLE_IDENTIFIER = aaaaa.YellowHuman;
				PRODUCT_NAME = "$(TARGET_NAME)";
			};
			name = Debug;
		};
		71188FDE1EE013C4000BBF10 /* Release */ = {
			isa = XCBuildConfiguration;
			buildSettings = {
				ASSETCATALOG_COMPILER_APPICON_NAME = AppIcon;
				DEVELOPMENT_TEAM = MSM2M46J42;
				INFOPLIST_FILE = YellowHuman/Info.plist;
				LD_RUNPATH_SEARCH_PATHS = "$(inherited) @executable_path/Frameworks";
				PRODUCT_BUNDLE_IDENTIFIER = aaaaa.YellowHuman;
				PRODUCT_NAME = "$(TARGET_NAME)";
			};
			name = Release;
		};
		71188FE01EE013C4000BBF10 /* Debug */ = {
			isa = XCBuildConfiguration;
			buildSettings = {
				BUNDLE_LOADER = "$(TEST_HOST)";
				DEVELOPMENT_TEAM = MSM2M46J42;
				INFOPLIST_FILE = YellowHumanTests/Info.plist;
				LD_RUNPATH_SEARCH_PATHS = "$(inherited) @executable_path/Frameworks @loader_path/Frameworks";
				PRODUCT_BUNDLE_IDENTIFIER = aaaaa.YellowHumanTests;
				PRODUCT_NAME = "$(TARGET_NAME)";
				TEST_HOST = "$(BUILT_PRODUCTS_DIR)/YellowHuman.app/YellowHuman";
			};
			name = Debug;
		};
		71188FE11EE013C4000BBF10 /* Release */ = {
			isa = XCBuildConfiguration;
			buildSettings = {
				BUNDLE_LOADER = "$(TEST_HOST)";
				DEVELOPMENT_TEAM = MSM2M46J42;
				INFOPLIST_FILE = YellowHumanTests/Info.plist;
				LD_RUNPATH_SEARCH_PATHS = "$(inherited) @executable_path/Frameworks @loader_path/Frameworks";
				PRODUCT_BUNDLE_IDENTIFIER = aaaaa.YellowHumanTests;
				PRODUCT_NAME = "$(TARGET_NAME)";
				TEST_HOST = "$(BUILT_PRODUCTS_DIR)/YellowHuman.app/YellowHuman";
			};
			name = Release;
		};
		71188FE31EE013C4000BBF10 /* Debug */ = {
			isa = XCBuildConfiguration;
			buildSettings = {
				DEVELOPMENT_TEAM = MSM2M46J42;
				INFOPLIST_FILE = YellowHumanUITests/Info.plist;
				LD_RUNPATH_SEARCH_PATHS = "$(inherited) @executable_path/Frameworks @loader_path/Frameworks";
				PRODUCT_BUNDLE_IDENTIFIER = aaaaa.YellowHumanUITests;
				PRODUCT_NAME = "$(TARGET_NAME)";
				TEST_TARGET_NAME = YellowHuman;
			};
			name = Debug;
		};
		71188FE41EE013C4000BBF10 /* Release */ = {
			isa = XCBuildConfiguration;
			buildSettings = {
				DEVELOPMENT_TEAM = MSM2M46J42;
				INFOPLIST_FILE = YellowHumanUITests/Info.plist;
				LD_RUNPATH_SEARCH_PATHS = "$(inherited) @executable_path/Frameworks @loader_path/Frameworks";
				PRODUCT_BUNDLE_IDENTIFIER = aaaaa.YellowHumanUITests;
				PRODUCT_NAME = "$(TARGET_NAME)";
				TEST_TARGET_NAME = YellowHuman;
			};
			name = Release;
		};
/* End XCBuildConfiguration section */

/* Begin XCConfigurationList section */
		71188FA71EE013C4000BBF10 /* Build configuration list for PBXProject "YellowHuman" */ = {
			isa = XCConfigurationList;
			buildConfigurations = (
				71188FDA1EE013C4000BBF10 /* Debug */,
				71188FDB1EE013C4000BBF10 /* Release */,
			);
			defaultConfigurationIsVisible = 0;
			defaultConfigurationName = Release;
		};
		71188FDC1EE013C4000BBF10 /* Build configuration list for PBXNativeTarget "YellowHuman" */ = {
			isa = XCConfigurationList;
			buildConfigurations = (
				71188FDD1EE013C4000BBF10 /* Debug */,
				71188FDE1EE013C4000BBF10 /* Release */,
			);
			defaultConfigurationIsVisible = 0;
		};
		71188FDF1EE013C4000BBF10 /* Build configuration list for PBXNativeTarget "YellowHumanTests" */ = {
			isa = XCConfigurationList;
			buildConfigurations = (
				71188FE01EE013C4000BBF10 /* Debug */,
				71188FE11EE013C4000BBF10 /* Release */,
			);
			defaultConfigurationIsVisible = 0;
		};
		71188FE21EE013C4000BBF10 /* Build configuration list for PBXNativeTarget "YellowHumanUITests" */ = {
			isa = XCConfigurationList;
			buildConfigurations = (
				71188FE31EE013C4000BBF10 /* Debug */,
				71188FE41EE013C4000BBF10 /* Release */,
			);
			defaultConfigurationIsVisible = 0;
		};
/* End XCConfigurationList section */

/* Begin XCVersionGroup section */
		71188FBB1EE013C4000BBF10 /* YellowHuman.xcdatamodeld */ = {
			isa = XCVersionGroup;
			children = (
				71188FBC1EE013C4000BBF10 /* YellowHuman.xcdatamodel */,
			);
			currentVersion = 71188FBC1EE013C4000BBF10 /* YellowHuman.xcdatamodel */;
			path = YellowHuman.xcdatamodeld;
			sourceTree = "<group>";
			versionGroupType = wrapper.xcdatamodel;
		};
/* End XCVersionGroup section */
	};
	rootObject = 71188FA41EE013C4000BBF10 /* Project object */;
}
